
Microsoft Visual Studio Solution File, Format Version 12.00
# Visual Studio Version 17
VisualStudioVersion = 17.13.35825.156 d17.13
MinimumVisualStudioVersion = 10.0.40219.1
Project("{FAE04EC0-301F-11D3-BF4B-00C04F79EFBC}") = "OOPCpE_2425_ForceList", "OOPCpE_2425_ForceList\OOPCpE_2425_ForceList.csproj", "{D24FAA9D-A7F0-4AB0-B4B4-D5A8B1D6A8E3}"
EndProject
Global
	GlobalSection(SolutionConfigurationPlatforms) = preSolution
		Debug|Any CPU = Debug|Any CPU
		Release|Any CPU = Release|Any CPU
	EndGlobalSection
	GlobalSection(ProjectConfigurationPlatforms) = postSolution
		{D24FAA9D-A7F0-4AB0-B4B4-D5A8B1D6A8E3}.Debug|Any CPU.ActiveCfg = Debug|Any CPU
		{D24FAA9D-A7F0-4AB0-B4B4-D5A8B1D6A8E3}.Debug|Any CPU.Build.0 = Debug|Any CPU
		{D24FAA9D-A7F0-4AB0-B4B4-D5A8B1D6A8E3}.Release|Any CPU.ActiveCfg = Release|Any CPU
		{D24FAA9D-A7F0-4AB0-B4B4-D5A8B1D6A8E3}.Release|Any CPU.Build.0 = Release|Any CPU
	EndGlobalSection
	GlobalSection(SolutionProperties) = preSolution
		HideSolutionNode = FALSE
	EndGlobalSection
	GlobalSection(ExtensibilityGlobals) = postSolution
		SolutionGuid = {357E5913-179A-4DC2-8A74-77E44997E1E5}
	EndGlobalSection
EndGlobal
